
Microsoft Visual Studio Solution File, Format Version 12.00
# Visual Studio Version 17
VisualStudioVersion = 17.2.32630.192
MinimumVisualStudioVersion = 10.0.40219.1
Project("{9A19103F-16F7-4668-BE54-9A1E7A4F7556}") = "R5T.Z0061", "R5T.Z0061\R5T.Z0061.csproj", "{A2598E83-D9BC-4C7E-BBB3-1AC5FEE1E58D}"
EndProject
Project("{2150E333-8FDC-42A3-9474-1A3956D46DE8}") = "_Dependencies", "_Dependencies", "{EE41AEA7-FFF7-4F93-8729-0EF5A96D8C4C}"
EndProject
Project("{9A19103F-16F7-4668-BE54-9A1E7A4F7556}") = "R5T.T0131", "..\..\R5T.T0131\source\R5T.T0131\R5T.T0131.csproj", "{0B2B267F-AD5B-4C01-B7BF-C37678A60E92}"
EndProject
Project("{9A19103F-16F7-4668-BE54-9A1E7A4F7556}") = "R5T.T0143", "..\..\R5T.T0143\source\R5T.T0143\R5T.T0143.csproj", "{629EE3A4-096A-4B59-BB97-EC0FB81515E4}"
EndProject
Project("{9A19103F-16F7-4668-BE54-9A1E7A4F7556}") = "R5T.T0225", "..\..\R5T.T0225\source\R5T.T0225\R5T.T0225.csproj", "{79A94307-7B22-4B15-9E3D-E467E8818057}"
EndProject
Project("{9A19103F-16F7-4668-BE54-9A1E7A4F7556}") = "R5T.Z0061.Platform", "R5T.Z0061.Platform\R5T.Z0061.Platform.csproj", "{1895695D-7283-45E7-A885-0C5D269F56B2}"
EndProject
Project("{9A19103F-16F7-4668-BE54-9A1E7A4F7556}") = "R5T.F0000", "..\..\R5T.F0000\source\R5T.F0000\R5T.F0000.csproj", "{85B3730D-0F94-4395-B0F5-C13EA6AD1B97}"
EndProject
Project("{9A19103F-16F7-4668-BE54-9A1E7A4F7556}") = "R5T.F0002", "..\..\R5T.F0002\source\R5T.F0002\R5T.F0002.csproj", "{2AAD2888-CB90-43EF-83AC-0C9AD752E4D0}"
EndProject
Project("{9A19103F-16F7-4668-BE54-9A1E7A4F7556}") = "R5T.F0120", "..\..\R5T.F0120\source\R5T.F0120\R5T.F0120.csproj", "{3DAD5617-9C9E-456D-B971-9ECBDC939BC0}"
EndProject
Project("{9A19103F-16F7-4668-BE54-9A1E7A4F7556}") = "R5T.F0124", "..\..\R5T.F0124\source\R5T.F0124\R5T.F0124.csproj", "{152DF78C-841D-440D-888D-605DB7B16589}"
EndProject
Project("{9A19103F-16F7-4668-BE54-9A1E7A4F7556}") = "R5T.F0125", "..\..\R5T.F0125\source\R5T.F0125\R5T.F0125.csproj", "{34964E45-4082-430F-A940-937294467183}"
EndProject
Project("{9A19103F-16F7-4668-BE54-9A1E7A4F7556}") = "R5T.L0030.T000", "..\..\R5T.L0030\source\R5T.L0030.T000\R5T.L0030.T000.csproj", "{167AD2F7-7408-439C-B106-0B7543A3F524}"
EndProject
Project("{9A19103F-16F7-4668-BE54-9A1E7A4F7556}") = "R5T.L0030", "..\..\R5T.L0030\source\R5T.L0030\R5T.L0030.csproj", "{2DFFB4BD-F359-4A8D-A379-4541570AE677}"
EndProject
Project("{9A19103F-16F7-4668-BE54-9A1E7A4F7556}") = "R5T.L0034", "..\..\R5T.L0034\source\R5T.L0034\R5T.L0034.csproj", "{B561DF9A-FEEE-4C03-AA09-A45654DCBBC1}"
EndProject
Project("{9A19103F-16F7-4668-BE54-9A1E7A4F7556}") = "R5T.L0035", "..\..\R5T.L0035\source\R5T.L0035\R5T.L0035.csproj", "{49266456-618E-446F-9D34-BF46097FA78A}"
EndProject
Project("{9A19103F-16F7-4668-BE54-9A1E7A4F7556}") = "R5T.L0053", "..\..\R5T.L0053\source\R5T.L0053\R5T.L0053.csproj", "{635D7082-450E-4DF1-B20B-3A4316DCED85}"
EndProject
Project("{9A19103F-16F7-4668-BE54-9A1E7A4F7556}") = "R5T.NG0022", "..\..\R5T.NG0022\source\R5T.NG0022\R5T.NG0022.csproj", "{D85EBDB1-29DC-465C-83FB-8D09333164A0}"
EndProject
Project("{9A19103F-16F7-4668-BE54-9A1E7A4F7556}") = "R5T.T0132", "..\..\R5T.T0132\source\R5T.T0132\R5T.T0132.csproj", "{B9D35136-C794-41A0-94EF-5D7C9AC4DB9B}"
EndProject
Project("{9A19103F-16F7-4668-BE54-9A1E7A4F7556}") = "R5T.T0142", "..\..\R5T.T0142\source\R5T.T0142\R5T.T0142.csproj", "{952925EA-A611-4881-AE04-957864BFA17D}"
EndProject
Project("{9A19103F-16F7-4668-BE54-9A1E7A4F7556}") = "R5T.T0156", "..\..\R5T.T0156\source\R5T.T0156\R5T.T0156.csproj", "{F98D2779-9D76-4FC0-956A-5D1E02C65852}"
EndProject
Project("{9A19103F-16F7-4668-BE54-9A1E7A4F7556}") = "R5T.T0174", "..\..\R5T.T0174\source\R5T.T0174\R5T.T0174.csproj", "{4F682D3C-65BA-4298-8C2B-75F7536473F9}"
EndProject
Project("{9A19103F-16F7-4668-BE54-9A1E7A4F7556}") = "R5T.T0176", "..\..\R5T.T0176\source\R5T.T0176\R5T.T0176.csproj", "{7748CC10-E23D-40EF-8664-A6A1F36FE3A7}"
EndProject
Project("{9A19103F-16F7-4668-BE54-9A1E7A4F7556}") = "R5T.T0177", "..\..\R5T.T0177\source\R5T.T0177\R5T.T0177.csproj", "{3B6E08B8-A878-49E1-8E9C-00C8F3081615}"
EndProject
Project("{9A19103F-16F7-4668-BE54-9A1E7A4F7556}") = "R5T.T0178", "..\..\R5T.T0178\source\R5T.T0178\R5T.T0178.csproj", "{E6980C83-8CA0-4260-BD40-A97708E612EB}"
EndProject
Project("{9A19103F-16F7-4668-BE54-9A1E7A4F7556}") = "R5T.T0179", "..\..\R5T.T0179\source\R5T.T0179\R5T.T0179.csproj", "{445066F1-E490-4BEB-9EFD-40AA49206D74}"
EndProject
Project("{9A19103F-16F7-4668-BE54-9A1E7A4F7556}") = "R5T.T0180", "..\..\R5T.T0180\source\R5T.T0180\R5T.T0180.csproj", "{EE83DBFA-539B-41C0-BF28-E7ABC91C437D}"
EndProject
Project("{9A19103F-16F7-4668-BE54-9A1E7A4F7556}") = "R5T.T0181", "..\..\R5T.T0181\source\R5T.T0181\R5T.T0181.csproj", "{3A0FB3A4-5863-43BB-8CF8-BE8C64883CB1}"
EndProject
Project("{9A19103F-16F7-4668-BE54-9A1E7A4F7556}") = "R5T.T0185", "..\..\R5T.T0185\source\R5T.T0185\R5T.T0185.csproj", "{572AAB93-F9E4-41F0-A2C0-83240494AF0B}"
EndProject
Project("{9A19103F-16F7-4668-BE54-9A1E7A4F7556}") = "R5T.T0199", "..\..\R5T.T0199\source\R5T.T0199\R5T.T0199.csproj", "{8235B5C7-C64A-4317-BBAF-3314AC872EF7}"
EndProject
Project("{9A19103F-16F7-4668-BE54-9A1E7A4F7556}") = "R5T.T0203", "..\..\R5T.T0203\source\R5T.T0203\R5T.T0203.csproj", "{CBA1BE36-EE64-458B-87EE-A7A4E195C6F0}"
EndProject
Project("{9A19103F-16F7-4668-BE54-9A1E7A4F7556}") = "R5T.T0220", "..\..\R5T.T0220\source\R5T.T0220\R5T.T0220.csproj", "{8BB2E90C-8CC2-4EC5-A926-FA89AA06184A}"
EndProject
Project("{9A19103F-16F7-4668-BE54-9A1E7A4F7556}") = "R5T.T0221", "..\..\R5T.T0221\source\R5T.T0221\R5T.T0221.csproj", "{1498B304-ABA7-4876-A8FE-5CAA767B3828}"
EndProject
Project("{9A19103F-16F7-4668-BE54-9A1E7A4F7556}") = "R5T.Y0000", "..\..\R5T.Y0000\source\R5T.Y0000\R5T.Y0000.csproj", "{5A975619-5BD3-492E-AD9D-130D2B31DDCD}"
EndProject
Project("{9A19103F-16F7-4668-BE54-9A1E7A4F7556}") = "R5T.Z0000", "..\..\R5T.Z0000\source\R5T.Z0000\R5T.Z0000.csproj", "{3A0473B7-DF7A-4423-8E7B-09601D464824}"
EndProject
Global
	GlobalSection(NestedProjects) = preSolution
		{0B2B267F-AD5B-4C01-B7BF-C37678A60E92} = {EE41AEA7-FFF7-4F93-8729-0EF5A96D8C4C}
		{629EE3A4-096A-4B59-BB97-EC0FB81515E4} = {EE41AEA7-FFF7-4F93-8729-0EF5A96D8C4C}
		{79A94307-7B22-4B15-9E3D-E467E8818057} = {EE41AEA7-FFF7-4F93-8729-0EF5A96D8C4C}
		{85B3730D-0F94-4395-B0F5-C13EA6AD1B97} = {EE41AEA7-FFF7-4F93-8729-0EF5A96D8C4C}
		{2AAD2888-CB90-43EF-83AC-0C9AD752E4D0} = {EE41AEA7-FFF7-4F93-8729-0EF5A96D8C4C}
		{3DAD5617-9C9E-456D-B971-9ECBDC939BC0} = {EE41AEA7-FFF7-4F93-8729-0EF5A96D8C4C}
		{152DF78C-841D-440D-888D-605DB7B16589} = {EE41AEA7-FFF7-4F93-8729-0EF5A96D8C4C}
		{34964E45-4082-430F-A940-937294467183} = {EE41AEA7-FFF7-4F93-8729-0EF5A96D8C4C}
		{167AD2F7-7408-439C-B106-0B7543A3F524} = {EE41AEA7-FFF7-4F93-8729-0EF5A96D8C4C}
		{2DFFB4BD-F359-4A8D-A379-4541570AE677} = {EE41AEA7-FFF7-4F93-8729-0EF5A96D8C4C}
		{B561DF9A-FEEE-4C03-AA09-A45654DCBBC1} = {EE41AEA7-FFF7-4F93-8729-0EF5A96D8C4C}
		{49266456-618E-446F-9D34-BF46097FA78A} = {EE41AEA7-FFF7-4F93-8729-0EF5A96D8C4C}
		{635D7082-450E-4DF1-B20B-3A4316DCED85} = {EE41AEA7-FFF7-4F93-8729-0EF5A96D8C4C}
		{D85EBDB1-29DC-465C-83FB-8D09333164A0} = {EE41AEA7-FFF7-4F93-8729-0EF5A96D8C4C}
		{B9D35136-C794-41A0-94EF-5D7C9AC4DB9B} = {EE41AEA7-FFF7-4F93-8729-0EF5A96D8C4C}
		{952925EA-A611-4881-AE04-957864BFA17D} = {EE41AEA7-FFF7-4F93-8729-0EF5A96D8C4C}
		{F98D2779-9D76-4FC0-956A-5D1E02C65852} = {EE41AEA7-FFF7-4F93-8729-0EF5A96D8C4C}
		{4F682D3C-65BA-4298-8C2B-75F7536473F9} = {EE41AEA7-FFF7-4F93-8729-0EF5A96D8C4C}
		{7748CC10-E23D-40EF-8664-A6A1F36FE3A7} = {EE41AEA7-FFF7-4F93-8729-0EF5A96D8C4C}
		{3B6E08B8-A878-49E1-8E9C-00C8F3081615} = {EE41AEA7-FFF7-4F93-8729-0EF5A96D8C4C}
		{E6980C83-8CA0-4260-BD40-A97708E612EB} = {EE41AEA7-FFF7-4F93-8729-0EF5A96D8C4C}
		{445066F1-E490-4BEB-9EFD-40AA49206D74} = {EE41AEA7-FFF7-4F93-8729-0EF5A96D8C4C}
		{EE83DBFA-539B-41C0-BF28-E7ABC91C437D} = {EE41AEA7-FFF7-4F93-8729-0EF5A96D8C4C}
		{3A0FB3A4-5863-43BB-8CF8-BE8C64883CB1} = {EE41AEA7-FFF7-4F93-8729-0EF5A96D8C4C}
		{572AAB93-F9E4-41F0-A2C0-83240494AF0B} = {EE41AEA7-FFF7-4F93-8729-0EF5A96D8C4C}
		{8235B5C7-C64A-4317-BBAF-3314AC872EF7} = {EE41AEA7-FFF7-4F93-8729-0EF5A96D8C4C}
		{CBA1BE36-EE64-458B-87EE-A7A4E195C6F0} = {EE41AEA7-FFF7-4F93-8729-0EF5A96D8C4C}
		{8BB2E90C-8CC2-4EC5-A926-FA89AA06184A} = {EE41AEA7-FFF7-4F93-8729-0EF5A96D8C4C}
		{1498B304-ABA7-4876-A8FE-5CAA767B3828} = {EE41AEA7-FFF7-4F93-8729-0EF5A96D8C4C}
		{5A975619-5BD3-492E-AD9D-130D2B31DDCD} = {EE41AEA7-FFF7-4F93-8729-0EF5A96D8C4C}
		{3A0473B7-DF7A-4423-8E7B-09601D464824} = {EE41AEA7-FFF7-4F93-8729-0EF5A96D8C4C}
	EndGlobalSection
	GlobalSection(SolutionConfigurationPlatforms) = preSolution
		Debug|Any CPU = Debug|Any CPU
		Release|Any CPU = Release|Any CPU
	EndGlobalSection
	GlobalSection(ProjectConfigurationPlatforms) = postSolution
		{A2598E83-D9BC-4C7E-BBB3-1AC5FEE1E58D}.Debug|Any CPU.ActiveCfg = Debug|Any CPU
		{A2598E83-D9BC-4C7E-BBB3-1AC5FEE1E58D}.Debug|Any CPU.Build.0 = Debug|Any CPU
		{A2598E83-D9BC-4C7E-BBB3-1AC5FEE1E58D}.Release|Any CPU.ActiveCfg = Release|Any CPU
		{A2598E83-D9BC-4C7E-BBB3-1AC5FEE1E58D}.Release|Any CPU.Build.0 = Release|Any CPU
		{0B2B267F-AD5B-4C01-B7BF-C37678A60E92}.Debug|Any CPU.ActiveCfg = Debug|Any CPU
		{0B2B267F-AD5B-4C01-B7BF-C37678A60E92}.Debug|Any CPU.Build.0 = Debug|Any CPU
		{0B2B267F-AD5B-4C01-B7BF-C37678A60E92}.Release|Any CPU.ActiveCfg = Release|Any CPU
		{0B2B267F-AD5B-4C01-B7BF-C37678A60E92}.Release|Any CPU.Build.0 = Release|Any CPU
		{629EE3A4-096A-4B59-BB97-EC0FB81515E4}.Debug|Any CPU.ActiveCfg = Debug|Any CPU
		{629EE3A4-096A-4B59-BB97-EC0FB81515E4}.Debug|Any CPU.Build.0 = Debug|Any CPU
		{629EE3A4-096A-4B59-BB97-EC0FB81515E4}.Release|Any CPU.ActiveCfg = Release|Any CPU
		{629EE3A4-096A-4B59-BB97-EC0FB81515E4}.Release|Any CPU.Build.0 = Release|Any CPU
		{79A94307-7B22-4B15-9E3D-E467E8818057}.Debug|Any CPU.ActiveCfg = Debug|Any CPU
		{79A94307-7B22-4B15-9E3D-E467E8818057}.Debug|Any CPU.Build.0 = Debug|Any CPU
		{79A94307-7B22-4B15-9E3D-E467E8818057}.Release|Any CPU.ActiveCfg = Release|Any CPU
		{79A94307-7B22-4B15-9E3D-E467E8818057}.Release|Any CPU.Build.0 = Release|Any CPU
		{1895695D-7283-45E7-A885-0C5D269F56B2}.Debug|Any CPU.ActiveCfg = Debug|Any CPU
		{1895695D-7283-45E7-A885-0C5D269F56B2}.Debug|Any CPU.Build.0 = Debug|Any CPU
		{1895695D-7283-45E7-A885-0C5D269F56B2}.Release|Any CPU.ActiveCfg = Release|Any CPU
		{1895695D-7283-45E7-A885-0C5D269F56B2}.Release|Any CPU.Build.0 = Release|Any CPU
		{85B3730D-0F94-4395-B0F5-C13EA6AD1B97}.Debug|Any CPU.ActiveCfg = Debug|Any CPU
		{85B3730D-0F94-4395-B0F5-C13EA6AD1B97}.Debug|Any CPU.Build.0 = Debug|Any CPU
		{85B3730D-0F94-4395-B0F5-C13EA6AD1B97}.Release|Any CPU.ActiveCfg = Release|Any CPU
		{85B3730D-0F94-4395-B0F5-C13EA6AD1B97}.Release|Any CPU.Build.0 = Release|Any CPU
		{2AAD2888-CB90-43EF-83AC-0C9AD752E4D0}.Debug|Any CPU.ActiveCfg = Debug|Any CPU
		{2AAD2888-CB90-43EF-83AC-0C9AD752E4D0}.Debug|Any CPU.Build.0 = Debug|Any CPU
		{2AAD2888-CB90-43EF-83AC-0C9AD752E4D0}.Release|Any CPU.ActiveCfg = Release|Any CPU
		{2AAD2888-CB90-43EF-83AC-0C9AD752E4D0}.Release|Any CPU.Build.0 = Release|Any CPU
		{3DAD5617-9C9E-456D-B971-9ECBDC939BC0}.Debug|Any CPU.ActiveCfg = Debug|Any CPU
		{3DAD5617-9C9E-456D-B971-9ECBDC939BC0}.Debug|Any CPU.Build.0 = Debug|Any CPU
		{3DAD5617-9C9E-456D-B971-9ECBDC939BC0}.Release|Any CPU.ActiveCfg = Release|Any CPU
		{3DAD5617-9C9E-456D-B971-9ECBDC939BC0}.Release|Any CPU.Build.0 = Release|Any CPU
		{152DF78C-841D-440D-888D-605DB7B16589}.Debug|Any CPU.ActiveCfg = Debug|Any CPU
		{152DF78C-841D-440D-888D-605DB7B16589}.Debug|Any CPU.Build.0 = Debug|Any CPU
		{152DF78C-841D-440D-888D-605DB7B16589}.Release|Any CPU.ActiveCfg = Release|Any CPU
		{152DF78C-841D-440D-888D-605DB7B16589}.Release|Any CPU.Build.0 = Release|Any CPU
		{34964E45-4082-430F-A940-937294467183}.Debug|Any CPU.ActiveCfg = Debug|Any CPU
		{34964E45-4082-430F-A940-937294467183}.Debug|Any CPU.Build.0 = Debug|Any CPU
		{34964E45-4082-430F-A940-937294467183}.Release|Any CPU.ActiveCfg = Release|Any CPU
		{34964E45-4082-430F-A940-937294467183}.Release|Any CPU.Build.0 = Release|Any CPU
		{167AD2F7-7408-439C-B106-0B7543A3F524}.Debug|Any CPU.ActiveCfg = Debug|Any CPU
		{167AD2F7-7408-439C-B106-0B7543A3F524}.Debug|Any CPU.Build.0 = Debug|Any CPU
		{167AD2F7-7408-439C-B106-0B7543A3F524}.Release|Any CPU.ActiveCfg = Release|Any CPU
		{167AD2F7-7408-439C-B106-0B7543A3F524}.Release|Any CPU.Build.0 = Release|Any CPU
		{2DFFB4BD-F359-4A8D-A379-4541570AE677}.Debug|Any CPU.ActiveCfg = Debug|Any CPU
		{2DFFB4BD-F359-4A8D-A379-4541570AE677}.Debug|Any CPU.Build.0 = Debug|Any CPU
		{2DFFB4BD-F359-4A8D-A379-4541570AE677}.Release|Any CPU.ActiveCfg = Release|Any CPU
		{2DFFB4BD-F359-4A8D-A379-4541570AE677}.Release|Any CPU.Build.0 = Release|Any CPU
		{B561DF9A-FEEE-4C03-AA09-A45654DCBBC1}.Debug|Any CPU.ActiveCfg = Debug|Any CPU
		{B561DF9A-FEEE-4C03-AA09-A45654DCBBC1}.Debug|Any CPU.Build.0 = Debug|Any CPU
		{B561DF9A-FEEE-4C03-AA09-A45654DCBBC1}.Release|Any CPU.ActiveCfg = Release|Any CPU
		{B561DF9A-FEEE-4C03-AA09-A45654DCBBC1}.Release|Any CPU.Build.0 = Release|Any CPU
		{49266456-618E-446F-9D34-BF46097FA78A}.Debug|Any CPU.ActiveCfg = Debug|Any CPU
		{49266456-618E-446F-9D34-BF46097FA78A}.Debug|Any CPU.Build.0 = Debug|Any CPU
		{49266456-618E-446F-9D34-BF46097FA78A}.Release|Any CPU.ActiveCfg = Release|Any CPU
		{49266456-618E-446F-9D34-BF46097FA78A}.Release|Any CPU.Build.0 = Release|Any CPU
		{635D7082-450E-4DF1-B20B-3A4316DCED85}.Debug|Any CPU.ActiveCfg = Debug|Any CPU
		{635D7082-450E-4DF1-B20B-3A4316DCED85}.Debug|Any CPU.Build.0 = Debug|Any CPU
		{635D7082-450E-4DF1-B20B-3A4316DCED85}.Release|Any CPU.ActiveCfg = Release|Any CPU
		{635D7082-450E-4DF1-B20B-3A4316DCED85}.Release|Any CPU.Build.0 = Release|Any CPU
		{D85EBDB1-29DC-465C-83FB-8D09333164A0}.Debug|Any CPU.ActiveCfg = Debug|Any CPU
		{D85EBDB1-29DC-465C-83FB-8D09333164A0}.Debug|Any CPU.Build.0 = Debug|Any CPU
		{D85EBDB1-29DC-465C-83FB-8D09333164A0}.Release|Any CPU.ActiveCfg = Release|Any CPU
		{D85EBDB1-29DC-465C-83FB-8D09333164A0}.Release|Any CPU.Build.0 = Release|Any CPU
		{B9D35136-C794-41A0-94EF-5D7C9AC4DB9B}.Debug|Any CPU.ActiveCfg = Debug|Any CPU
		{B9D35136-C794-41A0-94EF-5D7C9AC4DB9B}.Debug|Any CPU.Build.0 = Debug|Any CPU
		{B9D35136-C794-41A0-94EF-5D7C9AC4DB9B}.Release|Any CPU.ActiveCfg = Release|Any CPU
		{B9D35136-C794-41A0-94EF-5D7C9AC4DB9B}.Release|Any CPU.Build.0 = Release|Any CPU
		{952925EA-A611-4881-AE04-957864BFA17D}.Debug|Any CPU.ActiveCfg = Debug|Any CPU
		{952925EA-A611-4881-AE04-957864BFA17D}.Debug|Any CPU.Build.0 = Debug|Any CPU
		{952925EA-A611-4881-AE04-957864BFA17D}.Release|Any CPU.ActiveCfg = Release|Any CPU
		{952925EA-A611-4881-AE04-957864BFA17D}.Release|Any CPU.Build.0 = Release|Any CPU
		{F98D2779-9D76-4FC0-956A-5D1E02C65852}.Debug|Any CPU.ActiveCfg = Debug|Any CPU
		{F98D2779-9D76-4FC0-956A-5D1E02C65852}.Debug|Any CPU.Build.0 = Debug|Any CPU
		{F98D2779-9D76-4FC0-956A-5D1E02C65852}.Release|Any CPU.ActiveCfg = Release|Any CPU
		{F98D2779-9D76-4FC0-956A-5D1E02C65852}.Release|Any CPU.Build.0 = Release|Any CPU
		{4F682D3C-65BA-4298-8C2B-75F7536473F9}.Debug|Any CPU.ActiveCfg = Debug|Any CPU
		{4F682D3C-65BA-4298-8C2B-75F7536473F9}.Debug|Any CPU.Build.0 = Debug|Any CPU
		{4F682D3C-65BA-4298-8C2B-75F7536473F9}.Release|Any CPU.ActiveCfg = Release|Any CPU
		{4F682D3C-65BA-4298-8C2B-75F7536473F9}.Release|Any CPU.Build.0 = Release|Any CPU
		{7748CC10-E23D-40EF-8664-A6A1F36FE3A7}.Debug|Any CPU.ActiveCfg = Debug|Any CPU
		{7748CC10-E23D-40EF-8664-A6A1F36FE3A7}.Debug|Any CPU.Build.0 = Debug|Any CPU
		{7748CC10-E23D-40EF-8664-A6A1F36FE3A7}.Release|Any CPU.ActiveCfg = Release|Any CPU
		{7748CC10-E23D-40EF-8664-A6A1F36FE3A7}.Release|Any CPU.Build.0 = Release|Any CPU
		{3B6E08B8-A878-49E1-8E9C-00C8F3081615}.Debug|Any CPU.ActiveCfg = Debug|Any CPU
		{3B6E08B8-A878-49E1-8E9C-00C8F3081615}.Debug|Any CPU.Build.0 = Debug|Any CPU
		{3B6E08B8-A878-49E1-8E9C-00C8F3081615}.Release|Any CPU.ActiveCfg = Release|Any CPU
		{3B6E08B8-A878-49E1-8E9C-00C8F3081615}.Release|Any CPU.Build.0 = Release|Any CPU
		{E6980C83-8CA0-4260-BD40-A97708E612EB}.Debug|Any CPU.ActiveCfg = Debug|Any CPU
		{E6980C83-8CA0-4260-BD40-A97708E612EB}.Debug|Any CPU.Build.0 = Debug|Any CPU
		{E6980C83-8CA0-4260-BD40-A97708E612EB}.Release|Any CPU.ActiveCfg = Release|Any CPU
		{E6980C83-8CA0-4260-BD40-A97708E612EB}.Release|Any CPU.Build.0 = Release|Any CPU
		{445066F1-E490-4BEB-9EFD-40AA49206D74}.Debug|Any CPU.ActiveCfg = Debug|Any CPU
		{445066F1-E490-4BEB-9EFD-40AA49206D74}.Debug|Any CPU.Build.0 = Debug|Any CPU
		{445066F1-E490-4BEB-9EFD-40AA49206D74}.Release|Any CPU.ActiveCfg = Release|Any CPU
		{445066F1-E490-4BEB-9EFD-40AA49206D74}.Release|Any CPU.Build.0 = Release|Any CPU
		{EE83DBFA-539B-41C0-BF28-E7ABC91C437D}.Debug|Any CPU.ActiveCfg = Debug|Any CPU
		{EE83DBFA-539B-41C0-BF28-E7ABC91C437D}.Debug|Any CPU.Build.0 = Debug|Any CPU
		{EE83DBFA-539B-41C0-BF28-E7ABC91C437D}.Release|Any CPU.ActiveCfg = Release|Any CPU
		{EE83DBFA-539B-41C0-BF28-E7ABC91C437D}.Release|Any CPU.Build.0 = Release|Any CPU
		{3A0FB3A4-5863-43BB-8CF8-BE8C64883CB1}.Debug|Any CPU.ActiveCfg = Debug|Any CPU
		{3A0FB3A4-5863-43BB-8CF8-BE8C64883CB1}.Debug|Any CPU.Build.0 = Debug|Any CPU
		{3A0FB3A4-5863-43BB-8CF8-BE8C64883CB1}.Release|Any CPU.ActiveCfg = Release|Any CPU
		{3A0FB3A4-5863-43BB-8CF8-BE8C64883CB1}.Release|Any CPU.Build.0 = Release|Any CPU
		{572AAB93-F9E4-41F0-A2C0-83240494AF0B}.Debug|Any CPU.ActiveCfg = Debug|Any CPU
		{572AAB93-F9E4-41F0-A2C0-83240494AF0B}.Debug|Any CPU.Build.0 = Debug|Any CPU
		{572AAB93-F9E4-41F0-A2C0-83240494AF0B}.Release|Any CPU.ActiveCfg = Release|Any CPU
		{572AAB93-F9E4-41F0-A2C0-83240494AF0B}.Release|Any CPU.Build.0 = Release|Any CPU
		{8235B5C7-C64A-4317-BBAF-3314AC872EF7}.Debug|Any CPU.ActiveCfg = Debug|Any CPU
		{8235B5C7-C64A-4317-BBAF-3314AC872EF7}.Debug|Any CPU.Build.0 = Debug|Any CPU
		{8235B5C7-C64A-4317-BBAF-3314AC872EF7}.Release|Any CPU.ActiveCfg = Release|Any CPU
		{8235B5C7-C64A-4317-BBAF-3314AC872EF7}.Release|Any CPU.Build.0 = Release|Any CPU
		{CBA1BE36-EE64-458B-87EE-A7A4E195C6F0}.Debug|Any CPU.ActiveCfg = Debug|Any CPU
		{CBA1BE36-EE64-458B-87EE-A7A4E195C6F0}.Debug|Any CPU.Build.0 = Debug|Any CPU
		{CBA1BE36-EE64-458B-87EE-A7A4E195C6F0}.Release|Any CPU.ActiveCfg = Release|Any CPU
		{CBA1BE36-EE64-458B-87EE-A7A4E195C6F0}.Release|Any CPU.Build.0 = Release|Any CPU
		{8BB2E90C-8CC2-4EC5-A926-FA89AA06184A}.Debug|Any CPU.ActiveCfg = Debug|Any CPU
		{8BB2E90C-8CC2-4EC5-A926-FA89AA06184A}.Debug|Any CPU.Build.0 = Debug|Any CPU
		{8BB2E90C-8CC2-4EC5-A926-FA89AA06184A}.Release|Any CPU.ActiveCfg = Release|Any CPU
		{8BB2E90C-8CC2-4EC5-A926-FA89AA06184A}.Release|Any CPU.Build.0 = Release|Any CPU
		{1498B304-ABA7-4876-A8FE-5CAA767B3828}.Debug|Any CPU.ActiveCfg = Debug|Any CPU
		{1498B304-ABA7-4876-A8FE-5CAA767B3828}.Debug|Any CPU.Build.0 = Debug|Any CPU
		{1498B304-ABA7-4876-A8FE-5CAA767B3828}.Release|Any CPU.ActiveCfg = Release|Any CPU
		{1498B304-ABA7-4876-A8FE-5CAA767B3828}.Release|Any CPU.Build.0 = Release|Any CPU
		{5A975619-5BD3-492E-AD9D-130D2B31DDCD}.Debug|Any CPU.ActiveCfg = Debug|Any CPU
		{5A975619-5BD3-492E-AD9D-130D2B31DDCD}.Debug|Any CPU.Build.0 = Debug|Any CPU
		{5A975619-5BD3-492E-AD9D-130D2B31DDCD}.Release|Any CPU.ActiveCfg = Release|Any CPU
		{5A975619-5BD3-492E-AD9D-130D2B31DDCD}.Release|Any CPU.Build.0 = Release|Any CPU
		{3A0473B7-DF7A-4423-8E7B-09601D464824}.Debug|Any CPU.ActiveCfg = Debug|Any CPU
		{3A0473B7-DF7A-4423-8E7B-09601D464824}.Debug|Any CPU.Build.0 = Debug|Any CPU
		{3A0473B7-DF7A-4423-8E7B-09601D464824}.Release|Any CPU.ActiveCfg = Release|Any CPU
		{3A0473B7-DF7A-4423-8E7B-09601D464824}.Release|Any CPU.Build.0 = Release|Any CPU
	EndGlobalSection
	GlobalSection(SolutionProperties) = preSolution
		HideSolutionNode = FALSE
	EndGlobalSection
	GlobalSection(ExtensibilityGlobals) = postSolution
		SolutionGuid = {10936CD4-33D2-46FC-BB81-F5AE0702872F}
	EndGlobalSection
EndGlobal
