
Microsoft Visual Studio Solution File, Format Version 12.00
# Visual Studio Version 17
VisualStudioVersion = 17.2.32630.192
MinimumVisualStudioVersion = 10.0.40219.1
Project("{9A19103F-16F7-4668-BE54-9A1E7A4F7556}") = "R5T.Z0061.Construction", "R5T.Z0061.Construction\R5T.Z0061.Construction.csproj", "{7B1C9D0B-CD47-4500-B2D4-F70BD5AD1F4B}"
EndProject
Project("{9A19103F-16F7-4668-BE54-9A1E7A4F7556}") = "R5T.Z0061", "R5T.Z0061\R5T.Z0061.csproj", "{7158D355-4EE5-4757-8F68-2675DB7D491F}"
EndProject
Project("{2150E333-8FDC-42A3-9474-1A3956D46DE8}") = "_Dependencies", "_Dependencies", "{5EEFD8B0-05CD-49C7-9E8A-8B239D39D06F}"
EndProject
Project("{9A19103F-16F7-4668-BE54-9A1E7A4F7556}") = "R5T.T0131", "..\..\R5T.T0131\source\R5T.T0131\R5T.T0131.csproj", "{F067550B-E5C1-40F0-AA67-5B6BA61963EA}"
EndProject
Project("{9A19103F-16F7-4668-BE54-9A1E7A4F7556}") = "R5T.T0143", "..\..\R5T.T0143\source\R5T.T0143\R5T.T0143.csproj", "{283A7A42-4135-4F77-91BB-62A729B06468}"
EndProject
Project("{9A19103F-16F7-4668-BE54-9A1E7A4F7556}") = "R5T.T0225", "..\..\R5T.T0225\source\R5T.T0225\R5T.T0225.csproj", "{784B6996-50DB-427E-835D-FE445A6A1B6A}"
EndProject
Global
	GlobalSection(NestedProjects) = preSolution
		{F067550B-E5C1-40F0-AA67-5B6BA61963EA} = {5EEFD8B0-05CD-49C7-9E8A-8B239D39D06F}
		{283A7A42-4135-4F77-91BB-62A729B06468} = {5EEFD8B0-05CD-49C7-9E8A-8B239D39D06F}
		{784B6996-50DB-427E-835D-FE445A6A1B6A} = {5EEFD8B0-05CD-49C7-9E8A-8B239D39D06F}
	EndGlobalSection
	GlobalSection(SolutionConfigurationPlatforms) = preSolution
		Debug|Any CPU = Debug|Any CPU
		Release|Any CPU = Release|Any CPU
	EndGlobalSection
	GlobalSection(ProjectConfigurationPlatforms) = postSolution
		{7B1C9D0B-CD47-4500-B2D4-F70BD5AD1F4B}.Debug|Any CPU.ActiveCfg = Debug|Any CPU
		{7B1C9D0B-CD47-4500-B2D4-F70BD5AD1F4B}.Debug|Any CPU.Build.0 = Debug|Any CPU
		{7B1C9D0B-CD47-4500-B2D4-F70BD5AD1F4B}.Release|Any CPU.ActiveCfg = Release|Any CPU
		{7B1C9D0B-CD47-4500-B2D4-F70BD5AD1F4B}.Release|Any CPU.Build.0 = Release|Any CPU
		{7158D355-4EE5-4757-8F68-2675DB7D491F}.Debug|Any CPU.ActiveCfg = Debug|Any CPU
		{7158D355-4EE5-4757-8F68-2675DB7D491F}.Debug|Any CPU.Build.0 = Debug|Any CPU
		{7158D355-4EE5-4757-8F68-2675DB7D491F}.Release|Any CPU.ActiveCfg = Release|Any CPU
		{7158D355-4EE5-4757-8F68-2675DB7D491F}.Release|Any CPU.Build.0 = Release|Any CPU
		{F067550B-E5C1-40F0-AA67-5B6BA61963EA}.Debug|Any CPU.ActiveCfg = Debug|Any CPU
		{F067550B-E5C1-40F0-AA67-5B6BA61963EA}.Debug|Any CPU.Build.0 = Debug|Any CPU
		{F067550B-E5C1-40F0-AA67-5B6BA61963EA}.Release|Any CPU.ActiveCfg = Release|Any CPU
		{F067550B-E5C1-40F0-AA67-5B6BA61963EA}.Release|Any CPU.Build.0 = Release|Any CPU
		{283A7A42-4135-4F77-91BB-62A729B06468}.Debug|Any CPU.ActiveCfg = Debug|Any CPU
		{283A7A42-4135-4F77-91BB-62A729B06468}.Debug|Any CPU.Build.0 = Debug|Any CPU
		{283A7A42-4135-4F77-91BB-62A729B06468}.Release|Any CPU.ActiveCfg = Release|Any CPU
		{283A7A42-4135-4F77-91BB-62A729B06468}.Release|Any CPU.Build.0 = Release|Any CPU
		{784B6996-50DB-427E-835D-FE445A6A1B6A}.Debug|Any CPU.ActiveCfg = Debug|Any CPU
		{784B6996-50DB-427E-835D-FE445A6A1B6A}.Debug|Any CPU.Build.0 = Debug|Any CPU
		{784B6996-50DB-427E-835D-FE445A6A1B6A}.Release|Any CPU.ActiveCfg = Release|Any CPU
		{784B6996-50DB-427E-835D-FE445A6A1B6A}.Release|Any CPU.Build.0 = Release|Any CPU
	EndGlobalSection
	GlobalSection(SolutionProperties) = preSolution
		HideSolutionNode = FALSE
	EndGlobalSection
	GlobalSection(ExtensibilityGlobals) = postSolution
		SolutionGuid = {98284943-D1D4-4F71-8D77-BBA092AD1A73}
	EndGlobalSection
EndGlobal
